
Microsoft Visual Studio Solution File, Format Version 10.00
# Visual Studio 2008
Project("{8BC9CEB8-8B4A-11D0-8D11-00A0C91BC942}") = "gjtag", "gjtag\gjtag.vcproj", "{4ED04D31-23CE-43E4-B272-5D6D850F8FBC}"
EndProject
Global
	GlobalSection(SolutionConfigurationPlatforms) = preSolution
		Debug|Win32 = Debug|Win32
		Release|Win32 = Release|Win32
	EndGlobalSection
	GlobalSection(ProjectConfigurationPlatforms) = postSolution
		{4ED04D31-23CE-43E4-B272-5D6D850F8FBC}.Debug|Win32.ActiveCfg = Debug|Win32
		{4ED04D31-23CE-43E4-B272-5D6D850F8FBC}.Debug|Win32.Build.0 = Debug|Win32
		{4ED04D31-23CE-43E4-B272-5D6D850F8FBC}.Release|Win32.ActiveCfg = Release|Win32
		{4ED04D31-23CE-43E4-B272-5D6D850F8FBC}.Release|Win32.Build.0 = Release|Win32
	EndGlobalSection
	GlobalSection(SolutionProperties) = preSolution
		HideSolutionNode = FALSE
	EndGlobalSection
EndGlobal
